// !$*UTF8*$!
{
	archiveVersion = 1;
	classes = {
	};
	objectVersion = 56;
	objects = {

/* Begin PBXBuildFile section */
		30785E202C5776C800322C0A /* PokemonAppApp.swift in Sources */ = {isa = PBXBuildFile; fileRef = 30785E1F2C5776C800322C0A /* PokemonAppApp.swift */; };
		30785E222C5776C800322C0A /* ContentView.swift in Sources */ = {isa = PBXBuildFile; fileRef = 30785E212C5776C800322C0A /* ContentView.swift */; };
		30785E242C5776C900322C0A /* Assets.xcassets in Resources */ = {isa = PBXBuildFile; fileRef = 30785E232C5776C900322C0A /* Assets.xcassets */; };
		30785E272C5776C900322C0A /* Preview Assets.xcassets in Resources */ = {isa = PBXBuildFile; fileRef = 30785E262C5776C900322C0A /* Preview Assets.xcassets */; };
		30785E312C5776C900322C0A /* PokemonAppTests.swift in Sources */ = {isa = PBXBuildFile; fileRef = 30785E302C5776C900322C0A /* PokemonAppTests.swift */; };
		30785E3B2C5776C900322C0A /* PokemonAppUITests.swift in Sources */ = {isa = PBXBuildFile; fileRef = 30785E3A2C5776C900322C0A /* PokemonAppUITests.swift */; };
		30785E3D2C5776C900322C0A /* PokemonAppUITestsLaunchTests.swift in Sources */ = {isa = PBXBuildFile; fileRef = 30785E3C2C5776C900322C0A /* PokemonAppUITestsLaunchTests.swift */; };
		30785E4D2C578A0A00322C0A /* PokemonView.swift in Sources */ = {isa = PBXBuildFile; fileRef = 30785E4C2C578A0A00322C0A /* PokemonView.swift */; };
		30785E4F2C578A2300322C0A /* PokemonCell.swift in Sources */ = {isa = PBXBuildFile; fileRef = 30785E4E2C578A2300322C0A /* PokemonCell.swift */; };
		30785E512C579F5000322C0A /* Pokemon.swift in Sources */ = {isa = PBXBuildFile; fileRef = 30785E502C579F5000322C0A /* Pokemon.swift */; };
		30785E532C57A3EE00322C0A /* PokemonViewModel.swift in Sources */ = {isa = PBXBuildFile; fileRef = 30785E522C57A3EE00322C0A /* PokemonViewModel.swift */; };
		30785E552C58C06700322C0A /* PokemonDetails.swift in Sources */ = {isa = PBXBuildFile; fileRef = 30785E542C58C06700322C0A /* PokemonDetails.swift */; };
		30F6B3892C5A097A00FADFF4 /* Constants.swift in Sources */ = {isa = PBXBuildFile; fileRef = 30F6B3882C5A097A00FADFF4 /* Constants.swift */; };
		30F6B3922C5A450700FADFF4 /* PokemonTests.swift in Sources */ = {isa = PBXBuildFile; fileRef = 30F6B3912C5A450700FADFF4 /* PokemonTests.swift */; };
		30F6B3942C5A46CA00FADFF4 /* PokemonViewTests.swift in Sources */ = {isa = PBXBuildFile; fileRef = 30F6B3932C5A46CA00FADFF4 /* PokemonViewTests.swift */; };
		30F6B3992C5A4A0E00FADFF4 /* PokemonViewModelTests.swift in Sources */ = {isa = PBXBuildFile; fileRef = 30F6B3982C5A4A0E00FADFF4 /* PokemonViewModelTests.swift */; };
		30F6B39B2C5A4AFD00FADFF4 /* MockURLProtocol.swift in Sources */ = {isa = PBXBuildFile; fileRef = 30F6B39A2C5A4AFD00FADFF4 /* MockURLProtocol.swift */; };
		30F6B39E2C5A4FB100FADFF4 /* MockURLProtocolTests.swift in Sources */ = {isa = PBXBuildFile; fileRef = 30F6B39D2C5A4FB100FADFF4 /* MockURLProtocolTests.swift */; };
		30F6B3A42C5CE16700FADFF4 /* PokemonCellUITests.swift in Sources */ = {isa = PBXBuildFile; fileRef = 30F6B3A32C5CE16700FADFF4 /* PokemonCellUITests.swift */; };
		30F6B3A72C5CE6D900FADFF4 /* ViewInspector in Frameworks */ = {isa = PBXBuildFile; productRef = 30F6B3A62C5CE6D900FADFF4 /* ViewInspector */; };
		30F6B3AD2C609A1E00FADFF4 /* MainTabView.swift in Sources */ = {isa = PBXBuildFile; fileRef = 30F6B3AC2C609A1D00FADFF4 /* MainTabView.swift */; };
		30F6B3AF2C609DA000FADFF4 /* RankView.swift in Sources */ = {isa = PBXBuildFile; fileRef = 30F6B3AE2C609DA000FADFF4 /* RankView.swift */; };
		30F6B3B32C60EB7F00FADFF4 /* FavoritesView.swift in Sources */ = {isa = PBXBuildFile; fileRef = 30F6B3B22C60EB7F00FADFF4 /* FavoritesView.swift */; };
		35EDFC7B50377D243F1A241F /* Pods_PokemonApp_PokemonAppUITests.framework in Frameworks */ = {isa = PBXBuildFile; fileRef = 9F673CC48A3214583E7C05AF /* Pods_PokemonApp_PokemonAppUITests.framework */; };
		813C26ADD24996DFB8961223 /* Pods_PokemonAppTests.framework in Frameworks */ = {isa = PBXBuildFile; fileRef = 273224B30D535B6542C39690 /* Pods_PokemonAppTests.framework */; };
		C491B9B08F060612E42A7B19 /* Pods_PokemonApp.framework in Frameworks */ = {isa = PBXBuildFile; fileRef = 8B131C5A1BCE1C99D6FFDD58 /* Pods_PokemonApp.framework */; };
/* End PBXBuildFile section */

/* Begin PBXContainerItemProxy section */
		30785E2D2C5776C900322C0A /* PBXContainerItemProxy */ = {
			isa = PBXContainerItemProxy;
			containerPortal = 30785E142C5776C800322C0A /* Project object */;
			proxyType = 1;
			remoteGlobalIDString = 30785E1B2C5776C800322C0A;
			remoteInfo = PokemonApp;
		};
		30785E372C5776C900322C0A /* PBXContainerItemProxy */ = {
			isa = PBXContainerItemProxy;
			containerPortal = 30785E142C5776C800322C0A /* Project object */;
			proxyType = 1;
			remoteGlobalIDString = 30785E1B2C5776C800322C0A;
			remoteInfo = PokemonApp;
		};
/* End PBXContainerItemProxy section */

/* Begin PBXFileReference section */
		10925DD11154AFB56EA704FC /* Pods-PokemonAppTests.debug.xcconfig */ = {isa = PBXFileReference; includeInIndex = 1; lastKnownFileType = text.xcconfig; name = "Pods-PokemonAppTests.debug.xcconfig"; path = "Target Support Files/Pods-PokemonAppTests/Pods-PokemonAppTests.debug.xcconfig"; sourceTree = "<group>"; };
		273224B30D535B6542C39690 /* Pods_PokemonAppTests.framework */ = {isa = PBXFileReference; explicitFileType = wrapper.framework; includeInIndex = 0; path = Pods_PokemonAppTests.framework; sourceTree = BUILT_PRODUCTS_DIR; };
		30785E1C2C5776C800322C0A /* PokemonApp.app */ = {isa = PBXFileReference; explicitFileType = wrapper.application; includeInIndex = 0; path = PokemonApp.app; sourceTree = BUILT_PRODUCTS_DIR; };
		30785E1F2C5776C800322C0A /* PokemonAppApp.swift */ = {isa = PBXFileReference; lastKnownFileType = sourcecode.swift; path = PokemonAppApp.swift; sourceTree = "<group>"; };
		30785E212C5776C800322C0A /* ContentView.swift */ = {isa = PBXFileReference; lastKnownFileType = sourcecode.swift; path = ContentView.swift; sourceTree = "<group>"; };
		30785E232C5776C900322C0A /* Assets.xcassets */ = {isa = PBXFileReference; lastKnownFileType = folder.assetcatalog; path = Assets.xcassets; sourceTree = "<group>"; };
		30785E262C5776C900322C0A /* Preview Assets.xcassets */ = {isa = PBXFileReference; lastKnownFileType = folder.assetcatalog; path = "Preview Assets.xcassets"; sourceTree = "<group>"; };
		30785E2C2C5776C900322C0A /* PokemonAppTests.xctest */ = {isa = PBXFileReference; explicitFileType = wrapper.cfbundle; includeInIndex = 0; path = PokemonAppTests.xctest; sourceTree = BUILT_PRODUCTS_DIR; };
		30785E302C5776C900322C0A /* PokemonAppTests.swift */ = {isa = PBXFileReference; lastKnownFileType = sourcecode.swift; path = PokemonAppTests.swift; sourceTree = "<group>"; };
		30785E362C5776C900322C0A /* PokemonAppUITests.xctest */ = {isa = PBXFileReference; explicitFileType = wrapper.cfbundle; includeInIndex = 0; path = PokemonAppUITests.xctest; sourceTree = BUILT_PRODUCTS_DIR; };
		30785E3A2C5776C900322C0A /* PokemonAppUITests.swift */ = {isa = PBXFileReference; lastKnownFileType = sourcecode.swift; path = PokemonAppUITests.swift; sourceTree = "<group>"; };
		30785E3C2C5776C900322C0A /* PokemonAppUITestsLaunchTests.swift */ = {isa = PBXFileReference; lastKnownFileType = sourcecode.swift; path = PokemonAppUITestsLaunchTests.swift; sourceTree = "<group>"; };
		30785E4C2C578A0A00322C0A /* PokemonView.swift */ = {isa = PBXFileReference; lastKnownFileType = sourcecode.swift; path = PokemonView.swift; sourceTree = "<group>"; };
		30785E4E2C578A2300322C0A /* PokemonCell.swift */ = {isa = PBXFileReference; lastKnownFileType = sourcecode.swift; path = PokemonCell.swift; sourceTree = "<group>"; };
		30785E502C579F5000322C0A /* Pokemon.swift */ = {isa = PBXFileReference; lastKnownFileType = sourcecode.swift; path = Pokemon.swift; sourceTree = "<group>"; };
		30785E522C57A3EE00322C0A /* PokemonViewModel.swift */ = {isa = PBXFileReference; lastKnownFileType = sourcecode.swift; path = PokemonViewModel.swift; sourceTree = "<group>"; };
		30785E542C58C06700322C0A /* PokemonDetails.swift */ = {isa = PBXFileReference; lastKnownFileType = sourcecode.swift; path = PokemonDetails.swift; sourceTree = "<group>"; };
		30F6B3882C5A097A00FADFF4 /* Constants.swift */ = {isa = PBXFileReference; lastKnownFileType = sourcecode.swift; path = Constants.swift; sourceTree = "<group>"; };
		30F6B3912C5A450700FADFF4 /* PokemonTests.swift */ = {isa = PBXFileReference; lastKnownFileType = sourcecode.swift; path = PokemonTests.swift; sourceTree = "<group>"; };
		30F6B3932C5A46CA00FADFF4 /* PokemonViewTests.swift */ = {isa = PBXFileReference; lastKnownFileType = sourcecode.swift; path = PokemonViewTests.swift; sourceTree = "<group>"; };
		30F6B3982C5A4A0E00FADFF4 /* PokemonViewModelTests.swift */ = {isa = PBXFileReference; lastKnownFileType = sourcecode.swift; path = PokemonViewModelTests.swift; sourceTree = "<group>"; };
		30F6B39A2C5A4AFD00FADFF4 /* MockURLProtocol.swift */ = {isa = PBXFileReference; lastKnownFileType = sourcecode.swift; path = MockURLProtocol.swift; sourceTree = "<group>"; };
		30F6B39D2C5A4FB100FADFF4 /* MockURLProtocolTests.swift */ = {isa = PBXFileReference; lastKnownFileType = sourcecode.swift; path = MockURLProtocolTests.swift; sourceTree = "<group>"; };
		30F6B3A32C5CE16700FADFF4 /* PokemonCellUITests.swift */ = {isa = PBXFileReference; lastKnownFileType = sourcecode.swift; path = PokemonCellUITests.swift; sourceTree = "<group>"; };
		30F6B3AC2C609A1D00FADFF4 /* MainTabView.swift */ = {isa = PBXFileReference; lastKnownFileType = sourcecode.swift; path = MainTabView.swift; sourceTree = "<group>"; };
		30F6B3AE2C609DA000FADFF4 /* RankView.swift */ = {isa = PBXFileReference; lastKnownFileType = sourcecode.swift; path = RankView.swift; sourceTree = "<group>"; };
		30F6B3B22C60EB7F00FADFF4 /* FavoritesView.swift */ = {isa = PBXFileReference; lastKnownFileType = sourcecode.swift; path = FavoritesView.swift; sourceTree = "<group>"; };
		380A4C954A135C44C25B514A /* Pods-PokemonAppTests.release.xcconfig */ = {isa = PBXFileReference; includeInIndex = 1; lastKnownFileType = text.xcconfig; name = "Pods-PokemonAppTests.release.xcconfig"; path = "Target Support Files/Pods-PokemonAppTests/Pods-PokemonAppTests.release.xcconfig"; sourceTree = "<group>"; };
		687CCD7E1BAFBEE1FC4D3BA2 /* Pods-PokemonApp.release.xcconfig */ = {isa = PBXFileReference; includeInIndex = 1; lastKnownFileType = text.xcconfig; name = "Pods-PokemonApp.release.xcconfig"; path = "Target Support Files/Pods-PokemonApp/Pods-PokemonApp.release.xcconfig"; sourceTree = "<group>"; };
		8B131C5A1BCE1C99D6FFDD58 /* Pods_PokemonApp.framework */ = {isa = PBXFileReference; explicitFileType = wrapper.framework; includeInIndex = 0; path = Pods_PokemonApp.framework; sourceTree = BUILT_PRODUCTS_DIR; };
		91528356F7B9B12BD3934E3C /* Pods-PokemonApp.debug.xcconfig */ = {isa = PBXFileReference; includeInIndex = 1; lastKnownFileType = text.xcconfig; name = "Pods-PokemonApp.debug.xcconfig"; path = "Target Support Files/Pods-PokemonApp/Pods-PokemonApp.debug.xcconfig"; sourceTree = "<group>"; };
		9F673CC48A3214583E7C05AF /* Pods_PokemonApp_PokemonAppUITests.framework */ = {isa = PBXFileReference; explicitFileType = wrapper.framework; includeInIndex = 0; path = Pods_PokemonApp_PokemonAppUITests.framework; sourceTree = BUILT_PRODUCTS_DIR; };
		A1883365316905508F6F210F /* Pods-PokemonApp-PokemonAppUITests.debug.xcconfig */ = {isa = PBXFileReference; includeInIndex = 1; lastKnownFileType = text.xcconfig; name = "Pods-PokemonApp-PokemonAppUITests.debug.xcconfig"; path = "Target Support Files/Pods-PokemonApp-PokemonAppUITests/Pods-PokemonApp-PokemonAppUITests.debug.xcconfig"; sourceTree = "<group>"; };
		DC90E7188F0F5ABA03AEE5BC /* Pods-PokemonApp-PokemonAppUITests.release.xcconfig */ = {isa = PBXFileReference; includeInIndex = 1; lastKnownFileType = text.xcconfig; name = "Pods-PokemonApp-PokemonAppUITests.release.xcconfig"; path = "Target Support Files/Pods-PokemonApp-PokemonAppUITests/Pods-PokemonApp-PokemonAppUITests.release.xcconfig"; sourceTree = "<group>"; };
/* End PBXFileReference section */

/* Begin PBXFrameworksBuildPhase section */
		30785E192C5776C800322C0A /* Frameworks */ = {
			isa = PBXFrameworksBuildPhase;
			buildActionMask = 2147483647;
			files = (
				C491B9B08F060612E42A7B19 /* Pods_PokemonApp.framework in Frameworks */,
			);
			runOnlyForDeploymentPostprocessing = 0;
		};
		30785E292C5776C900322C0A /* Frameworks */ = {
			isa = PBXFrameworksBuildPhase;
			buildActionMask = 2147483647;
			files = (
				813C26ADD24996DFB8961223 /* Pods_PokemonAppTests.framework in Frameworks */,
			);
			runOnlyForDeploymentPostprocessing = 0;
		};
		30785E332C5776C900322C0A /* Frameworks */ = {
			isa = PBXFrameworksBuildPhase;
			buildActionMask = 2147483647;
			files = (
				35EDFC7B50377D243F1A241F /* Pods_PokemonApp_PokemonAppUITests.framework in Frameworks */,
				30F6B3A72C5CE6D900FADFF4 /* ViewInspector in Frameworks */,
			);
			runOnlyForDeploymentPostprocessing = 0;
		};
/* End PBXFrameworksBuildPhase section */

/* Begin PBXGroup section */
		30785E132C5776C800322C0A = {
			isa = PBXGroup;
			children = (
				30785E1E2C5776C800322C0A /* PokemonApp */,
				30F6B39C2C5A4B1C00FADFF4 /* Tests */,
				30785E2F2C5776C900322C0A /* PokemonAppTests */,
				30785E392C5776C900322C0A /* PokemonAppUITests */,
				30785E1D2C5776C800322C0A /* Products */,
				38ED1F5CBDB3083E4AE48016 /* Pods */,
				BB965AFBBD8D0187F298CB81 /* Frameworks */,
			);
			sourceTree = "<group>";
		};
		30785E1D2C5776C800322C0A /* Products */ = {
			isa = PBXGroup;
			children = (
				30785E1C2C5776C800322C0A /* PokemonApp.app */,
				30785E2C2C5776C900322C0A /* PokemonAppTests.xctest */,
				30785E362C5776C900322C0A /* PokemonAppUITests.xctest */,
			);
			name = Products;
			sourceTree = "<group>";
		};
		30785E1E2C5776C800322C0A /* PokemonApp */ = {
			isa = PBXGroup;
			children = (
				30F6B3872C5A096200FADFF4 /* Constants */,
				30785E4B2C5789E300322C0A /* View */,
				30785E4A2C5789CA00322C0A /* ViewModel */,
				30785E492C5789BF00322C0A /* Model */,
				30785E1F2C5776C800322C0A /* PokemonAppApp.swift */,
				30785E212C5776C800322C0A /* ContentView.swift */,
				30785E232C5776C900322C0A /* Assets.xcassets */,
				30785E252C5776C900322C0A /* Preview Content */,
			);
			path = PokemonApp;
			sourceTree = "<group>";
		};
		30785E252C5776C900322C0A /* Preview Content */ = {
			isa = PBXGroup;
			children = (
				30785E262C5776C900322C0A /* Preview Assets.xcassets */,
			);
			path = "Preview Content";
			sourceTree = "<group>";
		};
		30785E2F2C5776C900322C0A /* PokemonAppTests */ = {
			isa = PBXGroup;
			children = (
				30785E302C5776C900322C0A /* PokemonAppTests.swift */,
				30F6B3912C5A450700FADFF4 /* PokemonTests.swift */,
				30F6B3982C5A4A0E00FADFF4 /* PokemonViewModelTests.swift */,
				30F6B39D2C5A4FB100FADFF4 /* MockURLProtocolTests.swift */,
			);
			path = PokemonAppTests;
			sourceTree = "<group>";
		};
		30785E392C5776C900322C0A /* PokemonAppUITests */ = {
			isa = PBXGroup;
			children = (
				30785E3A2C5776C900322C0A /* PokemonAppUITests.swift */,
				30785E3C2C5776C900322C0A /* PokemonAppUITestsLaunchTests.swift */,
				30F6B3932C5A46CA00FADFF4 /* PokemonViewTests.swift */,
				30F6B3A32C5CE16700FADFF4 /* PokemonCellUITests.swift */,
			);
			path = PokemonAppUITests;
			sourceTree = "<group>";
		};
		30785E492C5789BF00322C0A /* Model */ = {
			isa = PBXGroup;
			children = (
				30785E502C579F5000322C0A /* Pokemon.swift */,
			);
			path = Model;
			sourceTree = "<group>";
		};
		30785E4A2C5789CA00322C0A /* ViewModel */ = {
			isa = PBXGroup;
			children = (
				30785E522C57A3EE00322C0A /* PokemonViewModel.swift */,
			);
			path = ViewModel;
			sourceTree = "<group>";
		};
		30785E4B2C5789E300322C0A /* View */ = {
			isa = PBXGroup;
			children = (
				30785E4C2C578A0A00322C0A /* PokemonView.swift */,
				30785E4E2C578A2300322C0A /* PokemonCell.swift */,
				30785E542C58C06700322C0A /* PokemonDetails.swift */,
				30F6B3AC2C609A1D00FADFF4 /* MainTabView.swift */,
				30F6B3AE2C609DA000FADFF4 /* RankView.swift */,
				30F6B3B22C60EB7F00FADFF4 /* FavoritesView.swift */,
			);
			path = View;
			sourceTree = "<group>";
		};
		30F6B3872C5A096200FADFF4 /* Constants */ = {
			isa = PBXGroup;
			children = (
				30F6B3882C5A097A00FADFF4 /* Constants.swift */,
			);
			path = Constants;
			sourceTree = "<group>";
		};
		30F6B39C2C5A4B1C00FADFF4 /* Tests */ = {
			isa = PBXGroup;
			children = (
				30F6B39A2C5A4AFD00FADFF4 /* MockURLProtocol.swift */,
			);
			path = Tests;
			sourceTree = "<group>";
		};
		38ED1F5CBDB3083E4AE48016 /* Pods */ = {
			isa = PBXGroup;
			children = (
				91528356F7B9B12BD3934E3C /* Pods-PokemonApp.debug.xcconfig */,
				687CCD7E1BAFBEE1FC4D3BA2 /* Pods-PokemonApp.release.xcconfig */,
				A1883365316905508F6F210F /* Pods-PokemonApp-PokemonAppUITests.debug.xcconfig */,
				DC90E7188F0F5ABA03AEE5BC /* Pods-PokemonApp-PokemonAppUITests.release.xcconfig */,
				10925DD11154AFB56EA704FC /* Pods-PokemonAppTests.debug.xcconfig */,
				380A4C954A135C44C25B514A /* Pods-PokemonAppTests.release.xcconfig */,
			);
			path = Pods;
			sourceTree = "<group>";
		};
		BB965AFBBD8D0187F298CB81 /* Frameworks */ = {
			isa = PBXGroup;
			children = (
				8B131C5A1BCE1C99D6FFDD58 /* Pods_PokemonApp.framework */,
				9F673CC48A3214583E7C05AF /* Pods_PokemonApp_PokemonAppUITests.framework */,
				273224B30D535B6542C39690 /* Pods_PokemonAppTests.framework */,
			);
			name = Frameworks;
			sourceTree = "<group>";
		};
/* End PBXGroup section */

/* Begin PBXNativeTarget section */
		30785E1B2C5776C800322C0A /* PokemonApp */ = {
			isa = PBXNativeTarget;
			buildConfigurationList = 30785E402C5776C900322C0A /* Build configuration list for PBXNativeTarget "PokemonApp" */;
			buildPhases = (
				3AC34142787DE91DD3B61349 /* [CP] Check Pods Manifest.lock */,
				30785E182C5776C800322C0A /* Sources */,
				30785E192C5776C800322C0A /* Frameworks */,
				30785E1A2C5776C800322C0A /* Resources */,
				24982E17CBFACABAE78A1BD1 /* [CP] Embed Pods Frameworks */,
			);
			buildRules = (
			);
			dependencies = (
			);
			name = PokemonApp;
			packageProductDependencies = (
			);
			productName = PokemonApp;
			productReference = 30785E1C2C5776C800322C0A /* PokemonApp.app */;
			productType = "com.apple.product-type.application";
		};
		30785E2B2C5776C900322C0A /* PokemonAppTests */ = {
			isa = PBXNativeTarget;
			buildConfigurationList = 30785E432C5776C900322C0A /* Build configuration list for PBXNativeTarget "PokemonAppTests" */;
			buildPhases = (
				AAE4CC89D0D6D32233CDE8DF /* [CP] Check Pods Manifest.lock */,
				30785E282C5776C900322C0A /* Sources */,
				30785E292C5776C900322C0A /* Frameworks */,
				30785E2A2C5776C900322C0A /* Resources */,
			);
			buildRules = (
			);
			dependencies = (
				30785E2E2C5776C900322C0A /* PBXTargetDependency */,
			);
			name = PokemonAppTests;
			productName = PokemonAppTests;
			productReference = 30785E2C2C5776C900322C0A /* PokemonAppTests.xctest */;
			productType = "com.apple.product-type.bundle.unit-test";
		};
		30785E352C5776C900322C0A /* PokemonAppUITests */ = {
			isa = PBXNativeTarget;
			buildConfigurationList = 30785E462C5776C900322C0A /* Build configuration list for PBXNativeTarget "PokemonAppUITests" */;
			buildPhases = (
				F52BE44515F27BE0D375F5ED /* [CP] Check Pods Manifest.lock */,
				30785E322C5776C900322C0A /* Sources */,
				30785E332C5776C900322C0A /* Frameworks */,
				30785E342C5776C900322C0A /* Resources */,
				E18D395CFB113BCB963AF66E /* [CP] Embed Pods Frameworks */,
			);
			buildRules = (
			);
			dependencies = (
				30785E382C5776C900322C0A /* PBXTargetDependency */,
			);
			name = PokemonAppUITests;
			packageProductDependencies = (
				30F6B3A62C5CE6D900FADFF4 /* ViewInspector */,
			);
			productName = PokemonAppUITests;
			productReference = 30785E362C5776C900322C0A /* PokemonAppUITests.xctest */;
			productType = "com.apple.product-type.bundle.ui-testing";
		};
/* End PBXNativeTarget section */

/* Begin PBXProject section */
		30785E142C5776C800322C0A /* Project object */ = {
			isa = PBXProject;
			attributes = {
				BuildIndependentTargetsInParallel = 1;
				LastSwiftUpdateCheck = 1540;
				LastUpgradeCheck = 1540;
				TargetAttributes = {
					30785E1B2C5776C800322C0A = {
						CreatedOnToolsVersion = 15.4;
					};
					30785E2B2C5776C900322C0A = {
						CreatedOnToolsVersion = 15.4;
						TestTargetID = 30785E1B2C5776C800322C0A;
					};
					30785E352C5776C900322C0A = {
						CreatedOnToolsVersion = 15.4;
						TestTargetID = 30785E1B2C5776C800322C0A;
					};
				};
			};
			buildConfigurationList = 30785E172C5776C800322C0A /* Build configuration list for PBXProject "PokemonApp" */;
			compatibilityVersion = "Xcode 14.0";
			developmentRegion = en;
			hasScannedForEncodings = 0;
			knownRegions = (
				en,
				Base,
			);
			mainGroup = 30785E132C5776C800322C0A;
			packageReferences = (
				30F6B3A52C5CE6D900FADFF4 /* XCRemoteSwiftPackageReference "ViewInspector" */,
			);
			productRefGroup = 30785E1D2C5776C800322C0A /* Products */;
			projectDirPath = "";
			projectRoot = "";
			targets = (
				30785E1B2C5776C800322C0A /* PokemonApp */,
				30785E2B2C5776C900322C0A /* PokemonAppTests */,
				30785E352C5776C900322C0A /* PokemonAppUITests */,
			);
		};
/* End PBXProject section */

/* Begin PBXResourcesBuildPhase section */
		30785E1A2C5776C800322C0A /* Resources */ = {
			isa = PBXResourcesBuildPhase;
			buildActionMask = 2147483647;
			files = (
				30785E272C5776C900322C0A /* Preview Assets.xcassets in Resources */,
				30785E242C5776C900322C0A /* Assets.xcassets in Resources */,
			);
			runOnlyForDeploymentPostprocessing = 0;
		};
		30785E2A2C5776C900322C0A /* Resources */ = {
			isa = PBXResourcesBuildPhase;
			buildActionMask = 2147483647;
			files = (
			);
			runOnlyForDeploymentPostprocessing = 0;
		};
		30785E342C5776C900322C0A /* Resources */ = {
			isa = PBXResourcesBuildPhase;
			buildActionMask = 2147483647;
			files = (
			);
			runOnlyForDeploymentPostprocessing = 0;
		};
/* End PBXResourcesBuildPhase section */

/* Begin PBXShellScriptBuildPhase section */
		24982E17CBFACABAE78A1BD1 /* [CP] Embed Pods Frameworks */ = {
			isa = PBXShellScriptBuildPhase;
			buildActionMask = 2147483647;
			files = (
			);
			inputFileListPaths = (
				"${PODS_ROOT}/Target Support Files/Pods-PokemonApp/Pods-PokemonApp-frameworks-${CONFIGURATION}-input-files.xcfilelist",
			);
			name = "[CP] Embed Pods Frameworks";
			outputFileListPaths = (
				"${PODS_ROOT}/Target Support Files/Pods-PokemonApp/Pods-PokemonApp-frameworks-${CONFIGURATION}-output-files.xcfilelist",
			);
			runOnlyForDeploymentPostprocessing = 0;
			shellPath = /bin/sh;
			shellScript = "\"${PODS_ROOT}/Target Support Files/Pods-PokemonApp/Pods-PokemonApp-frameworks.sh\"\n";
			showEnvVarsInLog = 0;
		};
		3AC34142787DE91DD3B61349 /* [CP] Check Pods Manifest.lock */ = {
			isa = PBXShellScriptBuildPhase;
			buildActionMask = 2147483647;
			files = (
			);
			inputFileListPaths = (
			);
			inputPaths = (
				"${PODS_PODFILE_DIR_PATH}/Podfile.lock",
				"${PODS_ROOT}/Manifest.lock",
			);
			name = "[CP] Check Pods Manifest.lock";
			outputFileListPaths = (
			);
			outputPaths = (
				"$(DERIVED_FILE_DIR)/Pods-PokemonApp-checkManifestLockResult.txt",
			);
			runOnlyForDeploymentPostprocessing = 0;
			shellPath = /bin/sh;
			shellScript = "diff \"${PODS_PODFILE_DIR_PATH}/Podfile.lock\" \"${PODS_ROOT}/Manifest.lock\" > /dev/null\nif [ $? != 0 ] ; then\n    # print error to STDERR\n    echo \"error: The sandbox is not in sync with the Podfile.lock. Run 'pod install' or update your CocoaPods installation.\" >&2\n    exit 1\nfi\n# This output is used by Xcode 'outputs' to avoid re-running this script phase.\necho \"SUCCESS\" > \"${SCRIPT_OUTPUT_FILE_0}\"\n";
			showEnvVarsInLog = 0;
		};
		AAE4CC89D0D6D32233CDE8DF /* [CP] Check Pods Manifest.lock */ = {
			isa = PBXShellScriptBuildPhase;
			buildActionMask = 2147483647;
			files = (
			);
			inputFileListPaths = (
			);
			inputPaths = (
				"${PODS_PODFILE_DIR_PATH}/Podfile.lock",
				"${PODS_ROOT}/Manifest.lock",
			);
			name = "[CP] Check Pods Manifest.lock";
			outputFileListPaths = (
			);
			outputPaths = (
				"$(DERIVED_FILE_DIR)/Pods-PokemonAppTests-checkManifestLockResult.txt",
			);
			runOnlyForDeploymentPostprocessing = 0;
			shellPath = /bin/sh;
			shellScript = "diff \"${PODS_PODFILE_DIR_PATH}/Podfile.lock\" \"${PODS_ROOT}/Manifest.lock\" > /dev/null\nif [ $? != 0 ] ; then\n    # print error to STDERR\n    echo \"error: The sandbox is not in sync with the Podfile.lock. Run 'pod install' or update your CocoaPods installation.\" >&2\n    exit 1\nfi\n# This output is used by Xcode 'outputs' to avoid re-running this script phase.\necho \"SUCCESS\" > \"${SCRIPT_OUTPUT_FILE_0}\"\n";
			showEnvVarsInLog = 0;
		};
		E18D395CFB113BCB963AF66E /* [CP] Embed Pods Frameworks */ = {
			isa = PBXShellScriptBuildPhase;
			buildActionMask = 2147483647;
			files = (
			);
			inputFileListPaths = (
				"${PODS_ROOT}/Target Support Files/Pods-PokemonApp-PokemonAppUITests/Pods-PokemonApp-PokemonAppUITests-frameworks-${CONFIGURATION}-input-files.xcfilelist",
			);
			name = "[CP] Embed Pods Frameworks";
			outputFileListPaths = (
				"${PODS_ROOT}/Target Support Files/Pods-PokemonApp-PokemonAppUITests/Pods-PokemonApp-PokemonAppUITests-frameworks-${CONFIGURATION}-output-files.xcfilelist",
			);
			runOnlyForDeploymentPostprocessing = 0;
			shellPath = /bin/sh;
			shellScript = "\"${PODS_ROOT}/Target Support Files/Pods-PokemonApp-PokemonAppUITests/Pods-PokemonApp-PokemonAppUITests-frameworks.sh\"\n";
			showEnvVarsInLog = 0;
		};
		F52BE44515F27BE0D375F5ED /* [CP] Check Pods Manifest.lock */ = {
			isa = PBXShellScriptBuildPhase;
			buildActionMask = 2147483647;
			files = (
			);
			inputFileListPaths = (
			);
			inputPaths = (
				"${PODS_PODFILE_DIR_PATH}/Podfile.lock",
				"${PODS_ROOT}/Manifest.lock",
			);
			name = "[CP] Check Pods Manifest.lock";
			outputFileListPaths = (
			);
			outputPaths = (
				"$(DERIVED_FILE_DIR)/Pods-PokemonApp-PokemonAppUITests-checkManifestLockResult.txt",
			);
			runOnlyForDeploymentPostprocessing = 0;
			shellPath = /bin/sh;
			shellScript = "diff \"${PODS_PODFILE_DIR_PATH}/Podfile.lock\" \"${PODS_ROOT}/Manifest.lock\" > /dev/null\nif [ $? != 0 ] ; then\n    # print error to STDERR\n    echo \"error: The sandbox is not in sync with the Podfile.lock. Run 'pod install' or update your CocoaPods installation.\" >&2\n    exit 1\nfi\n# This output is used by Xcode 'outputs' to avoid re-running this script phase.\necho \"SUCCESS\" > \"${SCRIPT_OUTPUT_FILE_0}\"\n";
			showEnvVarsInLog = 0;
		};
/* End PBXShellScriptBuildPhase section */

/* Begin PBXSourcesBuildPhase section */
		30785E182C5776C800322C0A /* Sources */ = {
			isa = PBXSourcesBuildPhase;
			buildActionMask = 2147483647;
			files = (
				30785E552C58C06700322C0A /* PokemonDetails.swift in Sources */,
				30785E512C579F5000322C0A /* Pokemon.swift in Sources */,
				30785E4D2C578A0A00322C0A /* PokemonView.swift in Sources */,
				30F6B39B2C5A4AFD00FADFF4 /* MockURLProtocol.swift in Sources */,
				30785E532C57A3EE00322C0A /* PokemonViewModel.swift in Sources */,
				30785E4F2C578A2300322C0A /* PokemonCell.swift in Sources */,
				30785E222C5776C800322C0A /* ContentView.swift in Sources */,
				30785E202C5776C800322C0A /* PokemonAppApp.swift in Sources */,
				30F6B3B32C60EB7F00FADFF4 /* FavoritesView.swift in Sources */,
				30F6B3892C5A097A00FADFF4 /* Constants.swift in Sources */,
				30F6B3AF2C609DA000FADFF4 /* RankView.swift in Sources */,
				30F6B3AD2C609A1E00FADFF4 /* MainTabView.swift in Sources */,
			);
			runOnlyForDeploymentPostprocessing = 0;
		};
		30785E282C5776C900322C0A /* Sources */ = {
			isa = PBXSourcesBuildPhase;
			buildActionMask = 2147483647;
			files = (
				30F6B3992C5A4A0E00FADFF4 /* PokemonViewModelTests.swift in Sources */,
				30785E312C5776C900322C0A /* PokemonAppTests.swift in Sources */,
				30F6B3922C5A450700FADFF4 /* PokemonTests.swift in Sources */,
				30F6B39E2C5A4FB100FADFF4 /* MockURLProtocolTests.swift in Sources */,
			);
			runOnlyForDeploymentPostprocessing = 0;
		};
		30785E322C5776C900322C0A /* Sources */ = {
			isa = PBXSourcesBuildPhase;
			buildActionMask = 2147483647;
			files = (
				30F6B3942C5A46CA00FADFF4 /* PokemonViewTests.swift in Sources */,
				30F6B3A42C5CE16700FADFF4 /* PokemonCellUITests.swift in Sources */,
				30785E3D2C5776C900322C0A /* PokemonAppUITestsLaunchTests.swift in Sources */,
				30785E3B2C5776C900322C0A /* PokemonAppUITests.swift in Sources */,
			);
			runOnlyForDeploymentPostprocessing = 0;
		};
/* End PBXSourcesBuildPhase section */

/* Begin PBXTargetDependency section */
		30785E2E2C5776C900322C0A /* PBXTargetDependency */ = {
			isa = PBXTargetDependency;
			target = 30785E1B2C5776C800322C0A /* PokemonApp */;
			targetProxy = 30785E2D2C5776C900322C0A /* PBXContainerItemProxy */;
		};
		30785E382C5776C900322C0A /* PBXTargetDependency */ = {
			isa = PBXTargetDependency;
			target = 30785E1B2C5776C800322C0A /* PokemonApp */;
			targetProxy = 30785E372C5776C900322C0A /* PBXContainerItemProxy */;
		};
/* End PBXTargetDependency section */

/* Begin XCBuildConfiguration section */
		30785E3E2C5776C900322C0A /* Debug */ = {
			isa = XCBuildConfiguration;
			buildSettings = {
				ALWAYS_SEARCH_USER_PATHS = NO;
				ASSETCATALOG_COMPILER_GENERATE_SWIFT_ASSET_SYMBOL_EXTENSIONS = YES;
				CLANG_ANALYZER_NONNULL = YES;
				CLANG_ANALYZER_NUMBER_OBJECT_CONVERSION = YES_AGGRESSIVE;
				CLANG_CXX_LANGUAGE_STANDARD = "gnu++20";
				CLANG_ENABLE_MODULES = YES;
				CLANG_ENABLE_OBJC_ARC = YES;
				CLANG_ENABLE_OBJC_WEAK = YES;
				CLANG_WARN_BLOCK_CAPTURE_AUTORELEASING = YES;
				CLANG_WARN_BOOL_CONVERSION = YES;
				CLANG_WARN_COMMA = YES;
				CLANG_WARN_CONSTANT_CONVERSION = YES;
				CLANG_WARN_DEPRECATED_OBJC_IMPLEMENTATIONS = YES;
				CLANG_WARN_DIRECT_OBJC_ISA_USAGE = YES_ERROR;
				CLANG_WARN_DOCUMENTATION_COMMENTS = YES;
				CLANG_WARN_EMPTY_BODY = YES;
				CLANG_WARN_ENUM_CONVERSION = YES;
				CLANG_WARN_INFINITE_RECURSION = YES;
				CLANG_WARN_INT_CONVERSION = YES;
				CLANG_WARN_NON_LITERAL_NULL_CONVERSION = YES;
				CLANG_WARN_OBJC_IMPLICIT_RETAIN_SELF = YES;
				CLANG_WARN_OBJC_LITERAL_CONVERSION = YES;
				CLANG_WARN_OBJC_ROOT_CLASS = YES_ERROR;
				CLANG_WARN_QUOTED_INCLUDE_IN_FRAMEWORK_HEADER = YES;
				CLANG_WARN_RANGE_LOOP_ANALYSIS = YES;
				CLANG_WARN_STRICT_PROTOTYPES = YES;
				CLANG_WARN_SUSPICIOUS_MOVE = YES;
				CLANG_WARN_UNGUARDED_AVAILABILITY = YES_AGGRESSIVE;
				CLANG_WARN_UNREACHABLE_CODE = YES;
				CLANG_WARN__DUPLICATE_METHOD_MATCH = YES;
				COPY_PHASE_STRIP = NO;
				DEBUG_INFORMATION_FORMAT = dwarf;
				ENABLE_STRICT_OBJC_MSGSEND = YES;
				ENABLE_TESTABILITY = YES;
				ENABLE_USER_SCRIPT_SANDBOXING = NO;
				GCC_C_LANGUAGE_STANDARD = gnu17;
				GCC_DYNAMIC_NO_PIC = NO;
				GCC_NO_COMMON_BLOCKS = YES;
				GCC_OPTIMIZATION_LEVEL = 0;
				GCC_PREPROCESSOR_DEFINITIONS = (
					"DEBUG=1",
					"$(inherited)",
				);
				GCC_WARN_64_TO_32_BIT_CONVERSION = YES;
				GCC_WARN_ABOUT_RETURN_TYPE = YES_ERROR;
				GCC_WARN_UNDECLARED_SELECTOR = YES;
				GCC_WARN_UNINITIALIZED_AUTOS = YES_AGGRESSIVE;
				GCC_WARN_UNUSED_FUNCTION = YES;
				GCC_WARN_UNUSED_VARIABLE = YES;
				IPHONEOS_DEPLOYMENT_TARGET = 17.5;
				LOCALIZATION_PREFERS_STRING_CATALOGS = YES;
				MTL_ENABLE_DEBUG_INFO = INCLUDE_SOURCE;
				MTL_FAST_MATH = YES;
				ONLY_ACTIVE_ARCH = YES;
				SDKROOT = iphoneos;
				SWIFT_ACTIVE_COMPILATION_CONDITIONS = "DEBUG $(inherited)";
				SWIFT_OPTIMIZATION_LEVEL = "-Onone";
			};
			name = Debug;
		};
		30785E3F2C5776C900322C0A /* Release */ = {
			isa = XCBuildConfiguration;
			buildSettings = {
				ALWAYS_SEARCH_USER_PATHS = NO;
				ASSETCATALOG_COMPILER_GENERATE_SWIFT_ASSET_SYMBOL_EXTENSIONS = YES;
				CLANG_ANALYZER_NONNULL = YES;
				CLANG_ANALYZER_NUMBER_OBJECT_CONVERSION = YES_AGGRESSIVE;
				CLANG_CXX_LANGUAGE_STANDARD = "gnu++20";
				CLANG_ENABLE_MODULES = YES;
				CLANG_ENABLE_OBJC_ARC = YES;
				CLANG_ENABLE_OBJC_WEAK = YES;
				CLANG_WARN_BLOCK_CAPTURE_AUTORELEASING = YES;
				CLANG_WARN_BOOL_CONVERSION = YES;
				CLANG_WARN_COMMA = YES;
				CLANG_WARN_CONSTANT_CONVERSION = YES;
				CLANG_WARN_DEPRECATED_OBJC_IMPLEMENTATIONS = YES;
				CLANG_WARN_DIRECT_OBJC_ISA_USAGE = YES_ERROR;
				CLANG_WARN_DOCUMENTATION_COMMENTS = YES;
				CLANG_WARN_EMPTY_BODY = YES;
				CLANG_WARN_ENUM_CONVERSION = YES;
				CLANG_WARN_INFINITE_RECURSION = YES;
				CLANG_WARN_INT_CONVERSION = YES;
				CLANG_WARN_NON_LITERAL_NULL_CONVERSION = YES;
				CLANG_WARN_OBJC_IMPLICIT_RETAIN_SELF = YES;
				CLANG_WARN_OBJC_LITERAL_CONVERSION = YES;
				CLANG_WARN_OBJC_ROOT_CLASS = YES_ERROR;
				CLANG_WARN_QUOTED_INCLUDE_IN_FRAMEWORK_HEADER = YES;
				CLANG_WARN_RANGE_LOOP_ANALYSIS = YES;
				CLANG_WARN_STRICT_PROTOTYPES = YES;
				CLANG_WARN_SUSPICIOUS_MOVE = YES;
				CLANG_WARN_UNGUARDED_AVAILABILITY = YES_AGGRESSIVE;
				CLANG_WARN_UNREACHABLE_CODE = YES;
				CLANG_WARN__DUPLICATE_METHOD_MATCH = YES;
				COPY_PHASE_STRIP = NO;
				DEBUG_INFORMATION_FORMAT = "dwarf-with-dsym";
				ENABLE_NS_ASSERTIONS = NO;
				ENABLE_STRICT_OBJC_MSGSEND = YES;
				ENABLE_USER_SCRIPT_SANDBOXING = NO;
				GCC_C_LANGUAGE_STANDARD = gnu17;
				GCC_NO_COMMON_BLOCKS = YES;
				GCC_WARN_64_TO_32_BIT_CONVERSION = YES;
				GCC_WARN_ABOUT_RETURN_TYPE = YES_ERROR;
				GCC_WARN_UNDECLARED_SELECTOR = YES;
				GCC_WARN_UNINITIALIZED_AUTOS = YES_AGGRESSIVE;
				GCC_WARN_UNUSED_FUNCTION = YES;
				GCC_WARN_UNUSED_VARIABLE = YES;
				IPHONEOS_DEPLOYMENT_TARGET = 17.5;
				LOCALIZATION_PREFERS_STRING_CATALOGS = YES;
				MTL_ENABLE_DEBUG_INFO = NO;
				MTL_FAST_MATH = YES;
				SDKROOT = iphoneos;
				SWIFT_COMPILATION_MODE = wholemodule;
				VALIDATE_PRODUCT = YES;
			};
			name = Release;
		};
		30785E412C5776C900322C0A /* Debug */ = {
			isa = XCBuildConfiguration;
			baseConfigurationReference = 91528356F7B9B12BD3934E3C /* Pods-PokemonApp.debug.xcconfig */;
			buildSettings = {
				ASSETCATALOG_COMPILER_APPICON_NAME = AppIcon;
				ASSETCATALOG_COMPILER_GLOBAL_ACCENT_COLOR_NAME = AccentColor;
				CODE_SIGN_STYLE = Automatic;
				CURRENT_PROJECT_VERSION = 1;
				DEVELOPMENT_ASSET_PATHS = "\"PokemonApp/Preview Content\"";
				DEVELOPMENT_TEAM = U4UBYAQ5MV;
				ENABLE_PREVIEWS = YES;
				GENERATE_INFOPLIST_FILE = YES;
				INFOPLIST_KEY_UIApplicationSceneManifest_Generation = YES;
				INFOPLIST_KEY_UIApplicationSupportsIndirectInputEvents = YES;
				INFOPLIST_KEY_UILaunchScreen_Generation = YES;
				INFOPLIST_KEY_UISupportedInterfaceOrientations_iPad = "UIInterfaceOrientationPortrait UIInterfaceOrientationPortraitUpsideDown UIInterfaceOrientationLandscapeLeft UIInterfaceOrientationLandscapeRight";
				INFOPLIST_KEY_UISupportedInterfaceOrientations_iPhone = "UIInterfaceOrientationPortrait UIInterfaceOrientationLandscapeLeft UIInterfaceOrientationLandscapeRight";
				LD_RUNPATH_SEARCH_PATHS = (
					"$(inherited)",
					"@executable_path/Frameworks",
				);
				MARKETING_VERSION = 1.0;
				PRODUCT_BUNDLE_IDENTIFIER = com.nikhil.PokemonApp;
				PRODUCT_NAME = "$(TARGET_NAME)";
				SWIFT_EMIT_LOC_STRINGS = YES;
				SWIFT_VERSION = 5.0;
				TARGETED_DEVICE_FAMILY = "1,2";
			};
			name = Debug;
		};
		30785E422C5776C900322C0A /* Release */ = {
			isa = XCBuildConfiguration;
			baseConfigurationReference = 687CCD7E1BAFBEE1FC4D3BA2 /* Pods-PokemonApp.release.xcconfig */;
			buildSettings = {
				ASSETCATALOG_COMPILER_APPICON_NAME = AppIcon;
				ASSETCATALOG_COMPILER_GLOBAL_ACCENT_COLOR_NAME = AccentColor;
				CODE_SIGN_STYLE = Automatic;
				CURRENT_PROJECT_VERSION = 1;
				DEVELOPMENT_ASSET_PATHS = "\"PokemonApp/Preview Content\"";
				DEVELOPMENT_TEAM = U4UBYAQ5MV;
				ENABLE_PREVIEWS = YES;
				GENERATE_INFOPLIST_FILE = YES;
				INFOPLIST_KEY_UIApplicationSceneManifest_Generation = YES;
				INFOPLIST_KEY_UIApplicationSupportsIndirectInputEvents = YES;
				INFOPLIST_KEY_UILaunchScreen_Generation = YES;
				INFOPLIST_KEY_UISupportedInterfaceOrientations_iPad = "UIInterfaceOrientationPortrait UIInterfaceOrientationPortraitUpsideDown UIInterfaceOrientationLandscapeLeft UIInterfaceOrientationLandscapeRight";
				INFOPLIST_KEY_UISupportedInterfaceOrientations_iPhone = "UIInterfaceOrientationPortrait UIInterfaceOrientationLandscapeLeft UIInterfaceOrientationLandscapeRight";
				LD_RUNPATH_SEARCH_PATHS = (
					"$(inherited)",
					"@executable_path/Frameworks",
				);
				MARKETING_VERSION = 1.0;
				PRODUCT_BUNDLE_IDENTIFIER = com.nikhil.PokemonApp;
				PRODUCT_NAME = "$(TARGET_NAME)";
				SWIFT_EMIT_LOC_STRINGS = YES;
				SWIFT_VERSION = 5.0;
				TARGETED_DEVICE_FAMILY = "1,2";
			};
			name = Release;
		};
		30785E442C5776C900322C0A /* Debug */ = {
			isa = XCBuildConfiguration;
			baseConfigurationReference = 10925DD11154AFB56EA704FC /* Pods-PokemonAppTests.debug.xcconfig */;
			buildSettings = {
				ALWAYS_EMBED_SWIFT_STANDARD_LIBRARIES = YES;
				BUNDLE_LOADER = "$(TEST_HOST)";
				CODE_SIGN_STYLE = Automatic;
				CURRENT_PROJECT_VERSION = 1;
				DEVELOPMENT_TEAM = U4UBYAQ5MV;
				GENERATE_INFOPLIST_FILE = YES;
				IPHONEOS_DEPLOYMENT_TARGET = 17.5;
				MARKETING_VERSION = 1.0;
				PRODUCT_BUNDLE_IDENTIFIER = com.nikhil.PokemonAppTests;
				PRODUCT_NAME = "$(TARGET_NAME)";
				SWIFT_EMIT_LOC_STRINGS = NO;
				SWIFT_VERSION = 5.0;
				TARGETED_DEVICE_FAMILY = "1,2";
				TEST_HOST = "$(BUILT_PRODUCTS_DIR)/PokemonApp.app/$(BUNDLE_EXECUTABLE_FOLDER_PATH)/PokemonApp";
			};
			name = Debug;
		};
		30785E452C5776C900322C0A /* Release */ = {
			isa = XCBuildConfiguration;
			baseConfigurationReference = 380A4C954A135C44C25B514A /* Pods-PokemonAppTests.release.xcconfig */;
			buildSettings = {
				ALWAYS_EMBED_SWIFT_STANDARD_LIBRARIES = YES;
				BUNDLE_LOADER = "$(TEST_HOST)";
				CODE_SIGN_STYLE = Automatic;
				CURRENT_PROJECT_VERSION = 1;
				DEVELOPMENT_TEAM = U4UBYAQ5MV;
				GENERATE_INFOPLIST_FILE = YES;
				IPHONEOS_DEPLOYMENT_TARGET = 17.5;
				MARKETING_VERSION = 1.0;
				PRODUCT_BUNDLE_IDENTIFIER = com.nikhil.PokemonAppTests;
				PRODUCT_NAME = "$(TARGET_NAME)";
				SWIFT_EMIT_LOC_STRINGS = NO;
				SWIFT_VERSION = 5.0;
				TARGETED_DEVICE_FAMILY = "1,2";
				TEST_HOST = "$(BUILT_PRODUCTS_DIR)/PokemonApp.app/$(BUNDLE_EXECUTABLE_FOLDER_PATH)/PokemonApp";
			};
			name = Release;
		};
		30785E472C5776C900322C0A /* Debug */ = {
			isa = XCBuildConfiguration;
			baseConfigurationReference = A1883365316905508F6F210F /* Pods-PokemonApp-PokemonAppUITests.debug.xcconfig */;
			buildSettings = {
				ALWAYS_EMBED_SWIFT_STANDARD_LIBRARIES = YES;
				CODE_SIGN_STYLE = Automatic;
				CURRENT_PROJECT_VERSION = 1;
				DEVELOPMENT_TEAM = U4UBYAQ5MV;
				GENERATE_INFOPLIST_FILE = YES;
				MARKETING_VERSION = 1.0;
				PRODUCT_BUNDLE_IDENTIFIER = com.nikhil.PokemonAppUITests;
				PRODUCT_NAME = "$(TARGET_NAME)";
				SWIFT_EMIT_LOC_STRINGS = NO;
				SWIFT_VERSION = 5.0;
				TARGETED_DEVICE_FAMILY = "1,2";
				TEST_TARGET_NAME = PokemonApp;
			};
			name = Debug;
		};
		30785E482C5776C900322C0A /* Release */ = {
			isa = XCBuildConfiguration;
			baseConfigurationReference = DC90E7188F0F5ABA03AEE5BC /* Pods-PokemonApp-PokemonAppUITests.release.xcconfig */;
			buildSettings = {
				ALWAYS_EMBED_SWIFT_STANDARD_LIBRARIES = YES;
				CODE_SIGN_STYLE = Automatic;
				CURRENT_PROJECT_VERSION = 1;
				DEVELOPMENT_TEAM = U4UBYAQ5MV;
				GENERATE_INFOPLIST_FILE = YES;
				MARKETING_VERSION = 1.0;
				PRODUCT_BUNDLE_IDENTIFIER = com.nikhil.PokemonAppUITests;
				PRODUCT_NAME = "$(TARGET_NAME)";
				SWIFT_EMIT_LOC_STRINGS = NO;
				SWIFT_VERSION = 5.0;
				TARGETED_DEVICE_FAMILY = "1,2";
				TEST_TARGET_NAME = PokemonApp;
			};
			name = Release;
		};
/* End XCBuildConfiguration section */

/* Begin XCConfigurationList section */
		30785E172C5776C800322C0A /* Build configuration list for PBXProject "PokemonApp" */ = {
			isa = XCConfigurationList;
			buildConfigurations = (
				30785E3E2C5776C900322C0A /* Debug */,
				30785E3F2C5776C900322C0A /* Release */,
			);
			defaultConfigurationIsVisible = 0;
			defaultConfigurationName = Release;
		};
		30785E402C5776C900322C0A /* Build configuration list for PBXNativeTarget "PokemonApp" */ = {
			isa = XCConfigurationList;
			buildConfigurations = (
				30785E412C5776C900322C0A /* Debug */,
				30785E422C5776C900322C0A /* Release */,
			);
			defaultConfigurationIsVisible = 0;
			defaultConfigurationName = Release;
		};
		30785E432C5776C900322C0A /* Build configuration list for PBXNativeTarget "PokemonAppTests" */ = {
			isa = XCConfigurationList;
			buildConfigurations = (
				30785E442C5776C900322C0A /* Debug */,
				30785E452C5776C900322C0A /* Release */,
			);
			defaultConfigurationIsVisible = 0;
			defaultConfigurationName = Release;
		};
		30785E462C5776C900322C0A /* Build configuration list for PBXNativeTarget "PokemonAppUITests" */ = {
			isa = XCConfigurationList;
			buildConfigurations = (
				30785E472C5776C900322C0A /* Debug */,
				30785E482C5776C900322C0A /* Release */,
			);
			defaultConfigurationIsVisible = 0;
			defaultConfigurationName = Release;
		};
/* End XCConfigurationList section */

/* Begin XCRemoteSwiftPackageReference section */
		30F6B3A52C5CE6D900FADFF4 /* XCRemoteSwiftPackageReference "ViewInspector" */ = {
			isa = XCRemoteSwiftPackageReference;
			repositoryURL = "https://github.com/nalexn/ViewInspector.git";
			requirement = {
				kind = upToNextMajorVersion;
				minimumVersion = 0.9.11;
			};
		};
/* End XCRemoteSwiftPackageReference section */

/* Begin XCSwiftPackageProductDependency section */
		30F6B3A62C5CE6D900FADFF4 /* ViewInspector */ = {
			isa = XCSwiftPackageProductDependency;
			package = 30F6B3A52C5CE6D900FADFF4 /* XCRemoteSwiftPackageReference "ViewInspector" */;
			productName = ViewInspector;
		};
/* End XCSwiftPackageProductDependency section */
	};
	rootObject = 30785E142C5776C800322C0A /* Project object */;
}
